
Microsoft Visual Studio Solution File, Format Version 9.00
# Visual Studio 2005
Project("{E24C65DC-7377-472B-9ABA-BC803B73C61A}") = "D:\...\Factory Statistics\", "..\..\..\..\Desktop\Factory Statistics\", "{F3D542D2-13FB-4B0A-82E9-BD511F3F0ED6}"
	ProjectSection(WebsiteProperties) = preProject
		Debug.AspNetCompiler.VirtualPath = "/Factory Statistics"
		Debug.AspNetCompiler.PhysicalPath = "..\..\..\..\Desktop\Factory Statistics\"
		Debug.AspNetCompiler.TargetPath = "PrecompiledWeb\Factory Statistics\"
		Debug.AspNetCompiler.Updateable = "true"
		Debug.AspNetCompiler.ForceOverwrite = "true"
		Debug.AspNetCompiler.FixedNames = "false"
		Debug.AspNetCompiler.Debug = "True"
		Release.AspNetCompiler.VirtualPath = "/Factory Statistics"
		Release.AspNetCompiler.PhysicalPath = "..\..\..\..\Desktop\Factory Statistics\"
		Release.AspNetCompiler.TargetPath = "PrecompiledWeb\Factory Statistics\"
		Release.AspNetCompiler.Updateable = "true"
		Release.AspNetCompiler.ForceOverwrite = "true"
		Release.AspNetCompiler.FixedNames = "false"
		Release.AspNetCompiler.Debug = "False"
		VWDPort = "1332"
	EndProjectSection
EndProject
Global
	GlobalSection(SolutionConfigurationPlatforms) = preSolution
		Debug|.NET = Debug|.NET
	EndGlobalSection
	GlobalSection(ProjectConfigurationPlatforms) = postSolution
		{F3D542D2-13FB-4B0A-82E9-BD511F3F0ED6}.Debug|.NET.ActiveCfg = Debug|.NET
		{F3D542D2-13FB-4B0A-82E9-BD511F3F0ED6}.Debug|.NET.Build.0 = Debug|.NET
	EndGlobalSection
	GlobalSection(SolutionProperties) = preSolution
		HideSolutionNode = FALSE
	EndGlobalSection
EndGlobal
